
Microsoft Visual Studio Solution File, Format Version 12.00
# Visual Studio 2013
VisualStudioVersion = 12.0.40629.0
MinimumVisualStudioVersion = 10.0.40219.1
Project("{FAE04EC0-301F-11D3-BF4B-00C04F79EFBC}") = "DEM_MVC", "DEM_MVC\DEM_MVC.csproj", "{DB029E91-05EB-450D-9DC3-C17696A43C94}"
EndProject
Project("{FAE04EC0-301F-11D3-BF4B-00C04F79EFBC}") = "DEM_MVC_DAL", "DEM_MVC_DAL\DEM_MVC_DAL.csproj", "{CBE9681A-A383-4434-A98E-37FE8BF35047}"
EndProject
Project("{FAE04EC0-301F-11D3-BF4B-00C04F79EFBC}") = "DEM_MVC_BL", "DEM_MVC_BL\DEM_MVC_BL.csproj", "{76D78273-6BF5-4915-8C70-C087A148609A}"
EndProject
Project("{FAE04EC0-301F-11D3-BF4B-00C04F79EFBC}") = "Unit_Tests", "Unit_Tests\Unit_Tests.csproj", "{C14F3FC3-1AAD-411F-9E8C-5731761801BD}"
EndProject
Project("{FAE04EC0-301F-11D3-BF4B-00C04F79EFBC}") = "Integration_Tests", "Integration_Tests\Integration_Tests.csproj", "{106D2515-6575-494C-82C5-CB3454204F86}"
EndProject
Project("{FAE04EC0-301F-11D3-BF4B-00C04F79EFBC}") = "DEM_MVC_Infrastructure", "DEM_MVC_Infrastructure\DEM_MVC_Infrastructure.csproj", "{CF38E358-5AA4-44D4-B0C0-A8AA098EFBEC}"
EndProject
Global
	GlobalSection(TeamFoundationVersionControl) = preSolution
		SccNumberOfProjects = 7
		SccEnterpriseProvider = {4CA58AB2-18FA-4F8D-95D4-32DDF27D184C}
		SccTeamFoundationServer = https://kto4dem.visualstudio.com/defaultcollection
		SccLocalPath0 = .
		SccProjectUniqueName1 = DEM_MVC\\DEM_MVC.csproj
		SccProjectName1 = DEM_MVC
		SccLocalPath1 = DEM_MVC
		SccProjectUniqueName2 = DEM_MVC_DAL\\DEM_MVC_DAL.csproj
		SccProjectName2 = DEM_MVC_DAL
		SccLocalPath2 = DEM_MVC_DAL
		SccProjectUniqueName3 = DEM_MVC_BL\\DEM_MVC_BL.csproj
		SccProjectName3 = DEM_MVC_BL
		SccLocalPath3 = DEM_MVC_BL
		SccProjectUniqueName4 = Unit_Tests\\Unit_Tests.csproj
		SccProjectName4 = Unit_Tests
		SccLocalPath4 = Unit_Tests
		SccProjectUniqueName5 = Integration_Tests\\Integration_Tests.csproj
		SccProjectName5 = Integration_Tests
		SccLocalPath5 = Integration_Tests
		SccProjectUniqueName6 = DEM_MVC_Infrastructure\\DEM_MVC_Infrastructure.csproj
		SccProjectName6 = DEM_MVC_Infrastructure
		SccLocalPath6 = DEM_MVC_Infrastructure
	EndGlobalSection
	GlobalSection(SolutionConfigurationPlatforms) = preSolution
		Debug|Any CPU = Debug|Any CPU
		Release|Any CPU = Release|Any CPU
	EndGlobalSection
	GlobalSection(ProjectConfigurationPlatforms) = postSolution
		{DB029E91-05EB-450D-9DC3-C17696A43C94}.Debug|Any CPU.ActiveCfg = Debug|Any CPU
		{DB029E91-05EB-450D-9DC3-C17696A43C94}.Debug|Any CPU.Build.0 = Debug|Any CPU
		{DB029E91-05EB-450D-9DC3-C17696A43C94}.Release|Any CPU.ActiveCfg = Release|Any CPU
		{DB029E91-05EB-450D-9DC3-C17696A43C94}.Release|Any CPU.Build.0 = Release|Any CPU
		{CBE9681A-A383-4434-A98E-37FE8BF35047}.Debug|Any CPU.ActiveCfg = Debug|Any CPU
		{CBE9681A-A383-4434-A98E-37FE8BF35047}.Debug|Any CPU.Build.0 = Debug|Any CPU
		{CBE9681A-A383-4434-A98E-37FE8BF35047}.Release|Any CPU.ActiveCfg = Release|Any CPU
		{CBE9681A-A383-4434-A98E-37FE8BF35047}.Release|Any CPU.Build.0 = Release|Any CPU
		{76D78273-6BF5-4915-8C70-C087A148609A}.Debug|Any CPU.ActiveCfg = Debug|Any CPU
		{76D78273-6BF5-4915-8C70-C087A148609A}.Debug|Any CPU.Build.0 = Debug|Any CPU
		{76D78273-6BF5-4915-8C70-C087A148609A}.Release|Any CPU.ActiveCfg = Release|Any CPU
		{76D78273-6BF5-4915-8C70-C087A148609A}.Release|Any CPU.Build.0 = Release|Any CPU
		{C14F3FC3-1AAD-411F-9E8C-5731761801BD}.Debug|Any CPU.ActiveCfg = Debug|Any CPU
		{C14F3FC3-1AAD-411F-9E8C-5731761801BD}.Debug|Any CPU.Build.0 = Debug|Any CPU
		{C14F3FC3-1AAD-411F-9E8C-5731761801BD}.Release|Any CPU.ActiveCfg = Release|Any CPU
		{C14F3FC3-1AAD-411F-9E8C-5731761801BD}.Release|Any CPU.Build.0 = Release|Any CPU
		{106D2515-6575-494C-82C5-CB3454204F86}.Debug|Any CPU.ActiveCfg = Debug|Any CPU
		{106D2515-6575-494C-82C5-CB3454204F86}.Debug|Any CPU.Build.0 = Debug|Any CPU
		{106D2515-6575-494C-82C5-CB3454204F86}.Release|Any CPU.ActiveCfg = Release|Any CPU
		{106D2515-6575-494C-82C5-CB3454204F86}.Release|Any CPU.Build.0 = Release|Any CPU
		{CF38E358-5AA4-44D4-B0C0-A8AA098EFBEC}.Debug|Any CPU.ActiveCfg = Debug|Any CPU
		{CF38E358-5AA4-44D4-B0C0-A8AA098EFBEC}.Debug|Any CPU.Build.0 = Debug|Any CPU
		{CF38E358-5AA4-44D4-B0C0-A8AA098EFBEC}.Release|Any CPU.ActiveCfg = Release|Any CPU
		{CF38E358-5AA4-44D4-B0C0-A8AA098EFBEC}.Release|Any CPU.Build.0 = Release|Any CPU
	EndGlobalSection
	GlobalSection(SolutionProperties) = preSolution
		HideSolutionNode = FALSE
	EndGlobalSection
EndGlobal
